
Microsoft Visual Studio Solution File, Format Version 12.00
# Visual Studio Version 17
VisualStudioVersion = 17.8.35230.98
MinimumVisualStudioVersion = 10.0.40219.1
Project("{FAE04EC0-301F-11D3-BF4B-00C04F79EFBC}") = "Proiect10", "Proiect10.csproj", "{EC7BE4E7-635A-4410-ACA3-5884431BB4FD}"
EndProject
Global
	GlobalSection(SolutionConfigurationPlatforms) = preSolution
		Debug|Any CPU = Debug|Any CPU
		Release|Any CPU = Release|Any CPU
	EndGlobalSection
	GlobalSection(ProjectConfigurationPlatforms) = postSolution
		{EC7BE4E7-635A-4410-ACA3-5884431BB4FD}.Debug|Any CPU.ActiveCfg = Debug|Any CPU
		{EC7BE4E7-635A-4410-ACA3-5884431BB4FD}.Debug|Any CPU.Build.0 = Debug|Any CPU
		{EC7BE4E7-635A-4410-ACA3-5884431BB4FD}.Release|Any CPU.ActiveCfg = Release|Any CPU
		{EC7BE4E7-635A-4410-ACA3-5884431BB4FD}.Release|Any CPU.Build.0 = Release|Any CPU
	EndGlobalSection
	GlobalSection(SolutionProperties) = preSolution
		HideSolutionNode = FALSE
	EndGlobalSection
	GlobalSection(ExtensibilityGlobals) = postSolution
		SolutionGuid = {64D4B5F5-6E07-4372-A3C3-D00D794276BB}
	EndGlobalSection
EndGlobal
