
Microsoft Visual Studio Solution File, Format Version 12.00
# Visual Studio Version 17
VisualStudioVersion = 17.8.35230.98
MinimumVisualStudioVersion = 10.0.40219.1
Project("{FAE04EC0-301F-11D3-BF4B-00C04F79EFBC}") = "Proiect9", "Proiect9.csproj", "{6F8294FA-526F-4953-B1B9-40448A526F59}"
EndProject
Global
	GlobalSection(SolutionConfigurationPlatforms) = preSolution
		Debug|Any CPU = Debug|Any CPU
		Release|Any CPU = Release|Any CPU
	EndGlobalSection
	GlobalSection(ProjectConfigurationPlatforms) = postSolution
		{6F8294FA-526F-4953-B1B9-40448A526F59}.Debug|Any CPU.ActiveCfg = Debug|Any CPU
		{6F8294FA-526F-4953-B1B9-40448A526F59}.Debug|Any CPU.Build.0 = Debug|Any CPU
		{6F8294FA-526F-4953-B1B9-40448A526F59}.Release|Any CPU.ActiveCfg = Release|Any CPU
		{6F8294FA-526F-4953-B1B9-40448A526F59}.Release|Any CPU.Build.0 = Release|Any CPU
	EndGlobalSection
	GlobalSection(SolutionProperties) = preSolution
		HideSolutionNode = FALSE
	EndGlobalSection
	GlobalSection(ExtensibilityGlobals) = postSolution
		SolutionGuid = {6F2E144F-A895-4833-AA16-4233D0CF482F}
	EndGlobalSection
EndGlobal
