
Microsoft Visual Studio Solution File, Format Version 12.00
# Visual Studio Version 17
VisualStudioVersion = 17.8.35230.98
MinimumVisualStudioVersion = 10.0.40219.1
Project("{FAE04EC0-301F-11D3-BF4B-00C04F79EFBC}") = "Proiect8", "Proiect8.csproj", "{5A3C40BF-E5FC-4270-8B54-C92504E27F96}"
EndProject
Global
	GlobalSection(SolutionConfigurationPlatforms) = preSolution
		Debug|Any CPU = Debug|Any CPU
		Release|Any CPU = Release|Any CPU
	EndGlobalSection
	GlobalSection(ProjectConfigurationPlatforms) = postSolution
		{5A3C40BF-E5FC-4270-8B54-C92504E27F96}.Debug|Any CPU.ActiveCfg = Debug|Any CPU
		{5A3C40BF-E5FC-4270-8B54-C92504E27F96}.Debug|Any CPU.Build.0 = Debug|Any CPU
		{5A3C40BF-E5FC-4270-8B54-C92504E27F96}.Release|Any CPU.ActiveCfg = Release|Any CPU
		{5A3C40BF-E5FC-4270-8B54-C92504E27F96}.Release|Any CPU.Build.0 = Release|Any CPU
	EndGlobalSection
	GlobalSection(SolutionProperties) = preSolution
		HideSolutionNode = FALSE
	EndGlobalSection
	GlobalSection(ExtensibilityGlobals) = postSolution
		SolutionGuid = {600E9901-843D-40C3-9EE8-7ED90CB861B2}
	EndGlobalSection
EndGlobal
